// !$*UTF8*$!
{
	archiveVersion = 1;
	classes = {
	};
	objectVersion = 46;
	objects = {

/* Begin PBXBuildFile section */
		225AAC28B051420EB27FC996 /* libPods-SDWebImageCrashExample.a in Frameworks */ = {isa = PBXBuildFile; fileRef = 0F13FA88203A4E1FA7308C76 /* libPods-SDWebImageCrashExample.a */; };
		54F4849D19B632B000F75664 /* Foundation.framework in Frameworks */ = {isa = PBXBuildFile; fileRef = 54F4849C19B632B000F75664 /* Foundation.framework */; };
		54F4849F19B632B000F75664 /* CoreGraphics.framework in Frameworks */ = {isa = PBXBuildFile; fileRef = 54F4849E19B632B000F75664 /* CoreGraphics.framework */; };
		54F484A119B632B000F75664 /* UIKit.framework in Frameworks */ = {isa = PBXBuildFile; fileRef = 54F484A019B632B000F75664 /* UIKit.framework */; };
		54F484A719B632B000F75664 /* InfoPlist.strings in Resources */ = {isa = PBXBuildFile; fileRef = 54F484A519B632B000F75664 /* InfoPlist.strings */; };
		54F484A919B632B000F75664 /* main.m in Sources */ = {isa = PBXBuildFile; fileRef = 54F484A819B632B000F75664 /* main.m */; };
		54F484AD19B632B000F75664 /* DMMAppDelegate.m in Sources */ = {isa = PBXBuildFile; fileRef = 54F484AC19B632B000F75664 /* DMMAppDelegate.m */; };
		54F484B019B632B000F75664 /* Main_iPhone.storyboard in Resources */ = {isa = PBXBuildFile; fileRef = 54F484AE19B632B000F75664 /* Main_iPhone.storyboard */; };
		54F484B619B632B000F75664 /* DMMViewController.m in Sources */ = {isa = PBXBuildFile; fileRef = 54F484B519B632B000F75664 /* DMMViewController.m */; };
		54F484B819B632B000F75664 /* Images.xcassets in Resources */ = {isa = PBXBuildFile; fileRef = 54F484B719B632B000F75664 /* Images.xcassets */; };
		54F484BF19B632B100F75664 /* XCTest.framework in Frameworks */ = {isa = PBXBuildFile; fileRef = 54F484BE19B632B100F75664 /* XCTest.framework */; };
		54F484C019B632B100F75664 /* Foundation.framework in Frameworks */ = {isa = PBXBuildFile; fileRef = 54F4849C19B632B000F75664 /* Foundation.framework */; };
		54F484C119B632B100F75664 /* UIKit.framework in Frameworks */ = {isa = PBXBuildFile; fileRef = 54F484A019B632B000F75664 /* UIKit.framework */; };
		54F484C919B632B100F75664 /* InfoPlist.strings in Resources */ = {isa = PBXBuildFile; fileRef = 54F484C719B632B100F75664 /* InfoPlist.strings */; };
		54F484CB19B632B100F75664 /* SDWebImageCrashExampleTests.m in Sources */ = {isa = PBXBuildFile; fileRef = 54F484CA19B632B100F75664 /* SDWebImageCrashExampleTests.m */; };
/* End PBXBuildFile section */

/* Begin PBXContainerItemProxy section */
		54F484C219B632B100F75664 /* PBXContainerItemProxy */ = {
			isa = PBXContainerItemProxy;
			containerPortal = 54F4849119B632B000F75664 /* Project object */;
			proxyType = 1;
			remoteGlobalIDString = 54F4849819B632B000F75664;
			remoteInfo = SDWebImageCrashExample;
		};
/* End PBXContainerItemProxy section */

/* Begin PBXFileReference section */
		0A167DB575F84D1987985A5B /* Pods-SDWebImageCrashExample.xcconfig */ = {isa = PBXFileReference; includeInIndex = 1; lastKnownFileType = text.xcconfig; name = "Pods-SDWebImageCrashExample.xcconfig"; path = "Pods/Pods-SDWebImageCrashExample.xcconfig"; sourceTree = "<group>"; };
		0F13FA88203A4E1FA7308C76 /* libPods-SDWebImageCrashExample.a */ = {isa = PBXFileReference; explicitFileType = archive.ar; includeInIndex = 0; path = "libPods-SDWebImageCrashExample.a"; sourceTree = BUILT_PRODUCTS_DIR; };
		54F4849919B632B000F75664 /* SDWebImageCrashExample.app */ = {isa = PBXFileReference; explicitFileType = wrapper.application; includeInIndex = 0; path = SDWebImageCrashExample.app; sourceTree = BUILT_PRODUCTS_DIR; };
		54F4849C19B632B000F75664 /* Foundation.framework */ = {isa = PBXFileReference; lastKnownFileType = wrapper.framework; name = Foundation.framework; path = System/Library/Frameworks/Foundation.framework; sourceTree = SDKROOT; };
		54F4849E19B632B000F75664 /* CoreGraphics.framework */ = {isa = PBXFileReference; lastKnownFileType = wrapper.framework; name = CoreGraphics.framework; path = System/Library/Frameworks/CoreGraphics.framework; sourceTree = SDKROOT; };
		54F484A019B632B000F75664 /* UIKit.framework */ = {isa = PBXFileReference; lastKnownFileType = wrapper.framework; name = UIKit.framework; path = System/Library/Frameworks/UIKit.framework; sourceTree = SDKROOT; };
		54F484A419B632B000F75664 /* SDWebImageCrashExample-Info.plist */ = {isa = PBXFileReference; lastKnownFileType = text.plist.xml; path = "SDWebImageCrashExample-Info.plist"; sourceTree = "<group>"; };
		54F484A619B632B000F75664 /* en */ = {isa = PBXFileReference; lastKnownFileType = text.plist.strings; name = en; path = en.lproj/InfoPlist.strings; sourceTree = "<group>"; };
		54F484A819B632B000F75664 /* main.m */ = {isa = PBXFileReference; lastKnownFileType = sourcecode.c.objc; path = main.m; sourceTree = "<group>"; };
		54F484AA19B632B000F75664 /* SDWebImageCrashExample-Prefix.pch */ = {isa = PBXFileReference; lastKnownFileType = sourcecode.c.h; path = "SDWebImageCrashExample-Prefix.pch"; sourceTree = "<group>"; };
		54F484AB19B632B000F75664 /* DMMAppDelegate.h */ = {isa = PBXFileReference; lastKnownFileType = sourcecode.c.h; path = DMMAppDelegate.h; sourceTree = "<group>"; };
		54F484AC19B632B000F75664 /* DMMAppDelegate.m */ = {isa = PBXFileReference; lastKnownFileType = sourcecode.c.objc; path = DMMAppDelegate.m; sourceTree = "<group>"; };
		54F484AF19B632B000F75664 /* Base */ = {isa = PBXFileReference; lastKnownFileType = file.storyboard; name = Base; path = Base.lproj/Main_iPhone.storyboard; sourceTree = "<group>"; };
		54F484B419B632B000F75664 /* DMMViewController.h */ = {isa = PBXFileReference; lastKnownFileType = sourcecode.c.h; path = DMMViewController.h; sourceTree = "<group>"; };
		54F484B519B632B000F75664 /* DMMViewController.m */ = {isa = PBXFileReference; lastKnownFileType = sourcecode.c.objc; path = DMMViewController.m; sourceTree = "<group>"; };
		54F484B719B632B000F75664 /* Images.xcassets */ = {isa = PBXFileReference; lastKnownFileType = folder.assetcatalog; path = Images.xcassets; sourceTree = "<group>"; };
		54F484BD19B632B100F75664 /* SDWebImageCrashExampleTests.xctest */ = {isa = PBXFileReference; explicitFileType = wrapper.cfbundle; includeInIndex = 0; path = SDWebImageCrashExampleTests.xctest; sourceTree = BUILT_PRODUCTS_DIR; };
		54F484BE19B632B100F75664 /* XCTest.framework */ = {isa = PBXFileReference; lastKnownFileType = wrapper.framework; name = XCTest.framework; path = Library/Frameworks/XCTest.framework; sourceTree = DEVELOPER_DIR; };
		54F484C619B632B100F75664 /* SDWebImageCrashExampleTests-Info.plist */ = {isa = PBXFileReference; lastKnownFileType = text.plist.xml; path = "SDWebImageCrashExampleTests-Info.plist"; sourceTree = "<group>"; };
		54F484C819B632B100F75664 /* en */ = {isa = PBXFileReference; lastKnownFileType = text.plist.strings; name = en; path = en.lproj/InfoPlist.strings; sourceTree = "<group>"; };
		54F484CA19B632B100F75664 /* SDWebImageCrashExampleTests.m */ = {isa = PBXFileReference; lastKnownFileType = sourcecode.c.objc; path = SDWebImageCrashExampleTests.m; sourceTree = "<group>"; };
/* End PBXFileReference section */

/* Begin PBXFrameworksBuildPhase section */
		54F4849619B632B000F75664 /* Frameworks */ = {
			isa = PBXFrameworksBuildPhase;
			buildActionMask = 2147483647;
			files = (
				54F4849F19B632B000F75664 /* CoreGraphics.framework in Frameworks */,
				54F484A119B632B000F75664 /* UIKit.framework in Frameworks */,
				54F4849D19B632B000F75664 /* Foundation.framework in Frameworks */,
				225AAC28B051420EB27FC996 /* libPods-SDWebImageCrashExample.a in Frameworks */,
			);
			runOnlyForDeploymentPostprocessing = 0;
		};
		54F484BA19B632B100F75664 /* Frameworks */ = {
			isa = PBXFrameworksBuildPhase;
			buildActionMask = 2147483647;
			files = (
				54F484BF19B632B100F75664 /* XCTest.framework in Frameworks */,
				54F484C119B632B100F75664 /* UIKit.framework in Frameworks */,
				54F484C019B632B100F75664 /* Foundation.framework in Frameworks */,
			);
			runOnlyForDeploymentPostprocessing = 0;
		};
/* End PBXFrameworksBuildPhase section */

/* Begin PBXGroup section */
		54F4849019B632B000F75664 = {
			isa = PBXGroup;
			children = (
				54F484A219B632B000F75664 /* SDWebImageCrashExample */,
				54F484C419B632B100F75664 /* SDWebImageCrashExampleTests */,
				54F4849B19B632B000F75664 /* Frameworks */,
				54F4849A19B632B000F75664 /* Products */,
				0A167DB575F84D1987985A5B /* Pods-SDWebImageCrashExample.xcconfig */,
			);
			sourceTree = "<group>";
		};
		54F4849A19B632B000F75664 /* Products */ = {
			isa = PBXGroup;
			children = (
				54F4849919B632B000F75664 /* SDWebImageCrashExample.app */,
				54F484BD19B632B100F75664 /* SDWebImageCrashExampleTests.xctest */,
			);
			name = Products;
			sourceTree = "<group>";
		};
		54F4849B19B632B000F75664 /* Frameworks */ = {
			isa = PBXGroup;
			children = (
				54F4849C19B632B000F75664 /* Foundation.framework */,
				54F4849E19B632B000F75664 /* CoreGraphics.framework */,
				54F484A019B632B000F75664 /* UIKit.framework */,
				54F484BE19B632B100F75664 /* XCTest.framework */,
				0F13FA88203A4E1FA7308C76 /* libPods-SDWebImageCrashExample.a */,
			);
			name = Frameworks;
			sourceTree = "<group>";
		};
		54F484A219B632B000F75664 /* SDWebImageCrashExample */ = {
			isa = PBXGroup;
			children = (
				54F484AB19B632B000F75664 /* DMMAppDelegate.h */,
				54F484AC19B632B000F75664 /* DMMAppDelegate.m */,
				54F484AE19B632B000F75664 /* Main_iPhone.storyboard */,
				54F484B419B632B000F75664 /* DMMViewController.h */,
				54F484B519B632B000F75664 /* DMMViewController.m */,
				54F484B719B632B000F75664 /* Images.xcassets */,
				54F484A319B632B000F75664 /* Supporting Files */,
			);
			path = SDWebImageCrashExample;
			sourceTree = "<group>";
		};
		54F484A319B632B000F75664 /* Supporting Files */ = {
			isa = PBXGroup;
			children = (
				54F484A419B632B000F75664 /* SDWebImageCrashExample-Info.plist */,
				54F484A519B632B000F75664 /* InfoPlist.strings */,
				54F484A819B632B000F75664 /* main.m */,
				54F484AA19B632B000F75664 /* SDWebImageCrashExample-Prefix.pch */,
			);
			name = "Supporting Files";
			sourceTree = "<group>";
		};
		54F484C419B632B100F75664 /* SDWebImageCrashExampleTests */ = {
			isa = PBXGroup;
			children = (
				54F484CA19B632B100F75664 /* SDWebImageCrashExampleTests.m */,
				54F484C519B632B100F75664 /* Supporting Files */,
			);
			path = SDWebImageCrashExampleTests;
			sourceTree = "<group>";
		};
		54F484C519B632B100F75664 /* Supporting Files */ = {
			isa = PBXGroup;
			children = (
				54F484C619B632B100F75664 /* SDWebImageCrashExampleTests-Info.plist */,
				54F484C719B632B100F75664 /* InfoPlist.strings */,
			);
			name = "Supporting Files";
			sourceTree = "<group>";
		};
/* End PBXGroup section */

/* Begin PBXNativeTarget section */
		54F4849819B632B000F75664 /* SDWebImageCrashExample */ = {
			isa = PBXNativeTarget;
			buildConfigurationList = 54F484CE19B632B100F75664 /* Build configuration list for PBXNativeTarget "SDWebImageCrashExample" */;
			buildPhases = (
				D5E6517A7E9C49F19DC56336 /* Check Pods Manifest.lock */,
				54F4849519B632B000F75664 /* Sources */,
				54F4849619B632B000F75664 /* Frameworks */,
				54F4849719B632B000F75664 /* Resources */,
				CA2022163DF242AF9D61FD0C /* Copy Pods Resources */,
			);
			buildRules = (
			);
			dependencies = (
			);
			name = SDWebImageCrashExample;
			productName = SDWebImageCrashExample;
			productReference = 54F4849919B632B000F75664 /* SDWebImageCrashExample.app */;
			productType = "com.apple.product-type.application";
		};
		54F484BC19B632B100F75664 /* SDWebImageCrashExampleTests */ = {
			isa = PBXNativeTarget;
			buildConfigurationList = 54F484D119B632B100F75664 /* Build configuration list for PBXNativeTarget "SDWebImageCrashExampleTests" */;
			buildPhases = (
				54F484B919B632B100F75664 /* Sources */,
				54F484BA19B632B100F75664 /* Frameworks */,
				54F484BB19B632B100F75664 /* Resources */,
			);
			buildRules = (
			);
			dependencies = (
				54F484C319B632B100F75664 /* PBXTargetDependency */,
			);
			name = SDWebImageCrashExampleTests;
			productName = SDWebImageCrashExampleTests;
			productReference = 54F484BD19B632B100F75664 /* SDWebImageCrashExampleTests.xctest */;
			productType = "com.apple.product-type.bundle.unit-test";
		};
/* End PBXNativeTarget section */

/* Begin PBXProject section */
		54F4849119B632B000F75664 /* Project object */ = {
			isa = PBXProject;
			attributes = {
				CLASSPREFIX = DMM;
				LastUpgradeCheck = 0510;
				ORGANIZATIONNAME = "Daniel Miedema";
				TargetAttributes = {
					54F484BC19B632B100F75664 = {
						TestTargetID = 54F4849819B632B000F75664;
					};
				};
			};
			buildConfigurationList = 54F4849419B632B000F75664 /* Build configuration list for PBXProject "SDWebImageCrashExample" */;
			compatibilityVersion = "Xcode 3.2";
			developmentRegion = English;
			hasScannedForEncodings = 0;
			knownRegions = (
				en,
				Base,
			);
			mainGroup = 54F4849019B632B000F75664;
			productRefGroup = 54F4849A19B632B000F75664 /* Products */;
			projectDirPath = "";
			projectRoot = "";
			targets = (
				54F4849819B632B000F75664 /* SDWebImageCrashExample */,
				54F484BC19B632B100F75664 /* SDWebImageCrashExampleTests */,
			);
		};
/* End PBXProject section */

/* Begin PBXResourcesBuildPhase section */
		54F4849719B632B000F75664 /* Resources */ = {
			isa = PBXResourcesBuildPhase;
			buildActionMask = 2147483647;
			files = (
				54F484B819B632B000F75664 /* Images.xcassets in Resources */,
				54F484B019B632B000F75664 /* Main_iPhone.storyboard in Resources */,
				54F484A719B632B000F75664 /* InfoPlist.strings in Resources */,
			);
			runOnlyForDeploymentPostprocessing = 0;
		};
		54F484BB19B632B100F75664 /* Resources */ = {
			isa = PBXResourcesBuildPhase;
			buildActionMask = 2147483647;
			files = (
				54F484C919B632B100F75664 /* InfoPlist.strings in Resources */,
			);
			runOnlyForDeploymentPostprocessing = 0;
		};
/* End PBXResourcesBuildPhase section */

/* Begin PBXShellScriptBuildPhase section */
		CA2022163DF242AF9D61FD0C /* Copy Pods Resources */ = {
			isa = PBXShellScriptBuildPhase;
			buildActionMask = 2147483647;
			files = (
			);
			inputPaths = (
			);
			name = "Copy Pods Resources";
			outputPaths = (
			);
			runOnlyForDeploymentPostprocessing = 0;
			shellPath = /bin/sh;
			shellScript = "\"${SRCROOT}/Pods/Pods-SDWebImageCrashExample-resources.sh\"\n";
			showEnvVarsInLog = 0;
		};
		D5E6517A7E9C49F19DC56336 /* Check Pods Manifest.lock */ = {
			isa = PBXShellScriptBuildPhase;
			buildActionMask = 2147483647;
			files = (
			);
			inputPaths = (
			);
			name = "Check Pods Manifest.lock";
			outputPaths = (
			);
			runOnlyForDeploymentPostprocessing = 0;
			shellPath = /bin/sh;
			shellScript = "diff \"${PODS_ROOT}/../Podfile.lock\" \"${PODS_ROOT}/Manifest.lock\" > /dev/null\nif [[ $? != 0 ]] ; then\n    cat << EOM\nerror: The sandbox is not in sync with the Podfile.lock. Run 'pod install' or update your CocoaPods installation.\nEOM\n    exit 1\nfi\n";
			showEnvVarsInLog = 0;
		};
/* End PBXShellScriptBuildPhase section */

/* Begin PBXSourcesBuildPhase section */
		54F4849519B632B000F75664 /* Sources */ = {
			isa = PBXSourcesBuildPhase;
			buildActionMask = 2147483647;
			files = (
				54F484B619B632B000F75664 /* DMMViewController.m in Sources */,
				54F484A919B632B000F75664 /* main.m in Sources */,
				54F484AD19B632B000F75664 /* DMMAppDelegate.m in Sources */,
			);
			runOnlyForDeploymentPostprocessing = 0;
		};
		54F484B919B632B100F75664 /* Sources */ = {
			isa = PBXSourcesBuildPhase;
			buildActionMask = 2147483647;
			files = (
				54F484CB19B632B100F75664 /* SDWebImageCrashExampleTests.m in Sources */,
			);
			runOnlyForDeploymentPostprocessing = 0;
		};
/* End PBXSourcesBuildPhase section */

/* Begin PBXTargetDependency section */
		54F484C319B632B100F75664 /* PBXTargetDependency */ = {
			isa = PBXTargetDependency;
			target = 54F4849819B632B000F75664 /* SDWebImageCrashExample */;
			targetProxy = 54F484C219B632B100F75664 /* PBXContainerItemProxy */;
		};
/* End PBXTargetDependency section */

/* Begin PBXVariantGroup section */
		54F484A519B632B000F75664 /* InfoPlist.strings */ = {
			isa = PBXVariantGroup;
			children = (
				54F484A619B632B000F75664 /* en */,
			);
			name = InfoPlist.strings;
			sourceTree = "<group>";
		};
		54F484AE19B632B000F75664 /* Main_iPhone.storyboard */ = {
			isa = PBXVariantGroup;
			children = (
				54F484AF19B632B000F75664 /* Base */,
			);
			name = Main_iPhone.storyboard;
			sourceTree = "<group>";
		};
		54F484C719B632B100F75664 /* InfoPlist.strings */ = {
			isa = PBXVariantGroup;
			children = (
				54F484C819B632B100F75664 /* en */,
			);
			name = InfoPlist.strings;
			sourceTree = "<group>";
		};
/* End PBXVariantGroup section */

/* Begin XCBuildConfiguration section */
		54F484CC19B632B100F75664 /* Debug */ = {
			isa = XCBuildConfiguration;
			buildSettings = {
				ALWAYS_SEARCH_USER_PATHS = NO;
				CLANG_CXX_LANGUAGE_STANDARD = "gnu++0x";
				CLANG_CXX_LIBRARY = "libc++";
				CLANG_ENABLE_MODULES = YES;
				CLANG_ENABLE_OBJC_ARC = YES;
				CLANG_WARN_BOOL_CONVERSION = YES;
				CLANG_WARN_CONSTANT_CONVERSION = YES;
				CLANG_WARN_DIRECT_OBJC_ISA_USAGE = YES_ERROR;
				CLANG_WARN_EMPTY_BODY = YES;
				CLANG_WARN_ENUM_CONVERSION = YES;
				CLANG_WARN_INT_CONVERSION = YES;
				CLANG_WARN_OBJC_ROOT_CLASS = YES_ERROR;
				CLANG_WARN__DUPLICATE_METHOD_MATCH = YES;
				"CODE_SIGN_IDENTITY[sdk=iphoneos*]" = "iPhone Developer";
				COPY_PHASE_STRIP = NO;
				GCC_C_LANGUAGE_STANDARD = gnu99;
				GCC_DYNAMIC_NO_PIC = NO;
				GCC_OPTIMIZATION_LEVEL = 0;
				GCC_PREPROCESSOR_DEFINITIONS = (
					"DEBUG=1",
					"$(inherited)",
				);
				GCC_SYMBOLS_PRIVATE_EXTERN = NO;
				GCC_WARN_64_TO_32_BIT_CONVERSION = YES;
				GCC_WARN_ABOUT_RETURN_TYPE = YES_ERROR;
				GCC_WARN_UNDECLARED_SELECTOR = YES;
				GCC_WARN_UNINITIALIZED_AUTOS = YES_AGGRESSIVE;
				GCC_WARN_UNUSED_FUNCTION = YES;
				GCC_WARN_UNUSED_VARIABLE = YES;
				IPHONEOS_DEPLOYMENT_TARGET = 7.1;
				ONLY_ACTIVE_ARCH = YES;
				SDKROOT = iphoneos;
				TARGETED_DEVICE_FAMILY = "1,2";
			};
			name = Debug;
		};
		54F484CD19B632B100F75664 /* Release */ = {
			isa = XCBuildConfiguration;
			buildSettings = {
				ALWAYS_SEARCH_USER_PATHS = NO;
				CLANG_CXX_LANGUAGE_STANDARD = "gnu++0x";
				CLANG_CXX_LIBRARY = "libc++";
				CLANG_ENABLE_MODULES = YES;
				CLANG_ENABLE_OBJC_ARC = YES;
				CLANG_WARN_BOOL_CONVERSION = YES;
				CLANG_WARN_CONSTANT_CONVERSION = YES;
				CLANG_WARN_DIRECT_OBJC_ISA_USAGE = YES_ERROR;
				CLANG_WARN_EMPTY_BODY = YES;
				CLANG_WARN_ENUM_CONVERSION = YES;
				CLANG_WARN_INT_CONVERSION = YES;
				CLANG_WARN_OBJC_ROOT_CLASS = YES_ERROR;
				CLANG_WARN__DUPLICATE_METHOD_MATCH = YES;
				"CODE_SIGN_IDENTITY[sdk=iphoneos*]" = "iPhone Developer";
				COPY_PHASE_STRIP = YES;
				ENABLE_NS_ASSERTIONS = NO;
				GCC_C_LANGUAGE_STANDARD = gnu99;
				GCC_WARN_64_TO_32_BIT_CONVERSION = YES;
				GCC_WARN_ABOUT_RETURN_TYPE = YES_ERROR;
				GCC_WARN_UNDECLARED_SELECTOR = YES;
				GCC_WARN_UNINITIALIZED_AUTOS = YES_AGGRESSIVE;
				GCC_WARN_UNUSED_FUNCTION = YES;
				GCC_WARN_UNUSED_VARIABLE = YES;
				IPHONEOS_DEPLOYMENT_TARGET = 7.1;
				SDKROOT = iphoneos;
				TARGETED_DEVICE_FAMILY = "1,2";
				VALIDATE_PRODUCT = YES;
			};
			name = Release;
		};
		54F484CF19B632B100F75664 /* Debug */ = {
			isa = XCBuildConfiguration;
			baseConfigurationReference = 0A167DB575F84D1987985A5B /* Pods-SDWebImageCrashExample.xcconfig */;
			buildSettings = {
				ASSETCATALOG_COMPILER_APPICON_NAME = AppIcon;
				ASSETCATALOG_COMPILER_LAUNCHIMAGE_NAME = LaunchImage;
				GCC_PRECOMPILE_PREFIX_HEADER = YES;
				GCC_PREFIX_HEADER = "SDWebImageCrashExample/SDWebImageCrashExample-Prefix.pch";
				INFOPLIST_FILE = "SDWebImageCrashExample/SDWebImageCrashExample-Info.plist";
				PRODUCT_NAME = "$(TARGET_NAME)";
				WRAPPER_EXTENSION = app;
			};
			name = Debug;
		};
		54F484D019B632B100F75664 /* Release */ = {
			isa = XCBuildConfiguration;
			baseConfigurationReference = 0A167DB575F84D1987985A5B /* Pods-SDWebImageCrashExample.xcconfig */;
			buildSettings = {
				ASSETCATALOG_COMPILER_APPICON_NAME = AppIcon;
				ASSETCATALOG_COMPILER_LAUNCHIMAGE_NAME = LaunchImage;
				GCC_PRECOMPILE_PREFIX_HEADER = YES;
				GCC_PREFIX_HEADER = "SDWebImageCrashExample/SDWebImageCrashExample-Prefix.pch";
				INFOPLIST_FILE = "SDWebImageCrashExample/SDWebImageCrashExample-Info.plist";
				PRODUCT_NAME = "$(TARGET_NAME)";
				WRAPPER_EXTENSION = app;
			};
			name = Release;
		};
		54F484D219B632B100F75664 /* Debug */ = {
			isa = XCBuildConfiguration;
			buildSettings = {
				BUNDLE_LOADER = "$(BUILT_PRODUCTS_DIR)/SDWebImageCrashExample.app/SDWebImageCrashExample";
				FRAMEWORK_SEARCH_PATHS = (
					"$(SDKROOT)/Developer/Library/Frameworks",
					"$(inherited)",
					"$(DEVELOPER_FRAMEWORKS_DIR)",
				);
				GCC_PRECOMPILE_PREFIX_HEADER = YES;
				GCC_PREFIX_HEADER = "SDWebImageCrashExample/SDWebImageCrashExample-Prefix.pch";
				GCC_PREPROCESSOR_DEFINITIONS = (
					"DEBUG=1",
					"$(inherited)",
				);
				INFOPLIST_FILE = "SDWebImageCrashExampleTests/SDWebImageCrashExampleTests-Info.plist";
				PRODUCT_NAME = "$(TARGET_NAME)";
				TEST_HOST = "$(BUNDLE_LOADER)";
				WRAPPER_EXTENSION = xctest;
			};
			name = Debug;
		};
		54F484D319B632B100F75664 /* Release */ = {
			isa = XCBuildConfiguration;
			buildSettings = {
				BUNDLE_LOADER = "$(BUILT_PRODUCTS_DIR)/SDWebImageCrashExample.app/SDWebImageCrashExample";
				FRAMEWORK_SEARCH_PATHS = (
					"$(SDKROOT)/Developer/Library/Frameworks",
					"$(inherited)",
					"$(DEVELOPER_FRAMEWORKS_DIR)",
				);
				GCC_PRECOMPILE_PREFIX_HEADER = YES;
				GCC_PREFIX_HEADER = "SDWebImageCrashExample/SDWebImageCrashExample-Prefix.pch";
				INFOPLIST_FILE = "SDWebImageCrashExampleTests/SDWebImageCrashExampleTests-Info.plist";
				PRODUCT_NAME = "$(TARGET_NAME)";
				TEST_HOST = "$(BUNDLE_LOADER)";
				WRAPPER_EXTENSION = xctest;
			};
			name = Release;
		};
/* End XCBuildConfiguration section */

/* Begin XCConfigurationList section */
		54F4849419B632B000F75664 /* Build configuration list for PBXProject "SDWebImageCrashExample" */ = {
			isa = XCConfigurationList;
			buildConfigurations = (
				54F484CC19B632B100F75664 /* Debug */,
				54F484CD19B632B100F75664 /* Release */,
			);
			defaultConfigurationIsVisible = 0;
			defaultConfigurationName = Release;
		};
		54F484CE19B632B100F75664 /* Build configuration list for PBXNativeTarget "SDWebImageCrashExample" */ = {
			isa = XCConfigurationList;
			buildConfigurations = (
				54F484CF19B632B100F75664 /* Debug */,
				54F484D019B632B100F75664 /* Release */,
			);
			defaultConfigurationIsVisible = 0;
			defaultConfigurationName = Release;
		};
		54F484D119B632B100F75664 /* Build configuration list for PBXNativeTarget "SDWebImageCrashExampleTests" */ = {
			isa = XCConfigurationList;
			buildConfigurations = (
				54F484D219B632B100F75664 /* Debug */,
				54F484D319B632B100F75664 /* Release */,
			);
			defaultConfigurationIsVisible = 0;
			defaultConfigurationName = Release;
		};
/* End XCConfigurationList section */
	};
	rootObject = 54F4849119B632B000F75664 /* Project object */;
}
